
Microsoft Visual Studio Solution File, Format Version 12.00
Project("{FAE04EC0-301F-11D3-BF4B-00C04F79EFBC}") = "KPI_PROJECT_APP", "KPI_PROJECT_APP\KPI_PROJECT_APP.csproj", "{CC53FA19-EA62-4CF5-9814-CF6B1FF1A282}"
EndProject
Project("{FAE04EC0-301F-11D3-BF4B-00C04F79EFBC}") = "KPI_PROJECT_TESTS", "KPI_PROJECT_TESTS\KPI_PROJECT_TESTS.csproj", "{5DB4344E-D5DB-4284-9C8D-78AA317B1FD9}"
EndProject
Global
	GlobalSection(SolutionConfigurationPlatforms) = preSolution
		Debug|Any CPU = Debug|Any CPU
		Release|Any CPU = Release|Any CPU
	EndGlobalSection
	GlobalSection(ProjectConfigurationPlatforms) = postSolution
		{CC53FA19-EA62-4CF5-9814-CF6B1FF1A282}.Debug|Any CPU.ActiveCfg = Debug|Any CPU
		{CC53FA19-EA62-4CF5-9814-CF6B1FF1A282}.Debug|Any CPU.Build.0 = Debug|Any CPU
		{CC53FA19-EA62-4CF5-9814-CF6B1FF1A282}.Release|Any CPU.ActiveCfg = Release|Any CPU
		{CC53FA19-EA62-4CF5-9814-CF6B1FF1A282}.Release|Any CPU.Build.0 = Release|Any CPU
		{5DB4344E-D5DB-4284-9C8D-78AA317B1FD9}.Debug|Any CPU.ActiveCfg = Debug|Any CPU
		{5DB4344E-D5DB-4284-9C8D-78AA317B1FD9}.Debug|Any CPU.Build.0 = Debug|Any CPU
		{5DB4344E-D5DB-4284-9C8D-78AA317B1FD9}.Release|Any CPU.ActiveCfg = Release|Any CPU
		{5DB4344E-D5DB-4284-9C8D-78AA317B1FD9}.Release|Any CPU.Build.0 = Release|Any CPU
	EndGlobalSection
EndGlobal
